Microsoft Visual Studio Solution File, Format Version 12.00
# Visual Studio Version 17
VisualStudioVersion = 17.13.35931.197 d17.13
MinimumVisualStudioVersion = 10.0.40219.1
Project("{FAE04EC0-301F-11D3-BF4B-00C04F79EFBC}") = "HRM.Application", "HRM.Application\HRM.Application.csproj", "{0B83014E-0803-7BC3-53DC-D543FAF2D002}"
EndProject
Project("{FAE04EC0-301F-11D3-BF4B-00C04F79EFBC}") = "HRM.Domain", "HRM.Domain\HRM.Domain.csproj", "{846A6E20-5CBA-98B5-A76D-EBF6E2E86B2E}"
EndProject
Project("{FAE04EC0-301F-11D3-BF4B-00C04F79EFBC}") = "HRM.Infrastructure", "HRM.Infrastructure\HRM.Infrastructure.csproj", "{4C4F00EE-EEDE-B91D-A1DE-5910D2856835}"
EndProject
Project("{FAE04EC0-301F-11D3-BF4B-00C04F79EFBC}") = "HRM.WebApi", "HRM.WebApi\HRM.WebApi.csproj", "{1EE524FB-954A-1567-7427-C54B398CF53E}"
EndProject
Global
	GlobalSection(SolutionConfigurationPlatforms) = preSolution
		Debug|Any CPU = Debug|Any CPU
		Release|Any CPU = Release|Any CPU
	EndGlobalSection
	GlobalSection(ProjectConfigurationPlatforms) = postSolution
		{0B83014E-0803-7BC3-53DC-D543FAF2D002}.Debug|Any CPU.ActiveCfg = Debug|Any CPU
		{0B83014E-0803-7BC3-53DC-D543FAF2D002}.Debug|Any CPU.Build.0 = Debug|Any CPU
		{0B83014E-0803-7BC3-53DC-D543FAF2D002}.Release|Any CPU.ActiveCfg = Release|Any CPU
		{0B83014E-0803-7BC3-53DC-D543FAF2D002}.Release|Any CPU.Build.0 = Release|Any CPU
		{846A6E20-5CBA-98B5-A76D-EBF6E2E86B2E}.Debug|Any CPU.ActiveCfg = Debug|Any CPU
		{846A6E20-5CBA-98B5-A76D-EBF6E2E86B2E}.Debug|Any CPU.Build.0 = Debug|Any CPU
		{846A6E20-5CBA-98B5-A76D-EBF6E2E86B2E}.Release|Any CPU.ActiveCfg = Release|Any CPU
		{846A6E20-5CBA-98B5-A76D-EBF6E2E86B2E}.Release|Any CPU.Build.0 = Release|Any CPU
		{4C4F00EE-EEDE-B91D-A1DE-5910D2856835}.Debug|Any CPU.ActiveCfg = Debug|Any CPU
		{4C4F00EE-EEDE-B91D-A1DE-5910D2856835}.Debug|Any CPU.Build.0 = Debug|Any CPU
		{4C4F00EE-EEDE-B91D-A1DE-5910D2856835}.Release|Any CPU.ActiveCfg = Release|Any CPU
		{4C4F00EE-EEDE-B91D-A1DE-5910D2856835}.Release|Any CPU.Build.0 = Release|Any CPU
		{1EE524FB-954A-1567-7427-C54B398CF53E}.Debug|Any CPU.ActiveCfg = Debug|Any CPU
		{1EE524FB-954A-1567-7427-C54B398CF53E}.Debug|Any CPU.Build.0 = Debug|Any CPU
		{1EE524FB-954A-1567-7427-C54B398CF53E}.Release|Any CPU.ActiveCfg = Release|Any CPU
		{1EE524FB-954A-1567-7427-C54B398CF53E}.Release|Any CPU.Build.0 = Release|Any CPU
	EndGlobalSection
	GlobalSection(SolutionProperties) = preSolution
		HideSolutionNode = FALSE
	EndGlobalSection
	GlobalSection(ExtensibilityGlobals) = postSolution
		SolutionGuid = {8AFC6A0A-0694-4347-8DC3-4456D97D458E}
	EndGlobalSection
EndGlobal
